
Microsoft Visual Studio Solution File, Format Version 12.00
# Visual Studio Version 16
VisualStudioVersion = 16.0.31613.86
MinimumVisualStudioVersion = 10.0.40219.1
Project("{FAE04EC0-301F-11D3-BF4B-00C04F79EFBC}") = "CapaDatos", "CapaDatos\CapaDatos.csproj", "{7D005373-E4AE-41F9-BBCF-77F85B287E63}"
EndProject
Project("{FAE04EC0-301F-11D3-BF4B-00C04F79EFBC}") = "CapaNegocio", "CapaNegocio\CapaNegocio.csproj", "{A55459D1-90D7-402C-84EE-A7DC8B9A988A}"
EndProject
Project("{FAE04EC0-301F-11D3-BF4B-00C04F79EFBC}") = "capaPresentaciones", "capaPresentaciones\capaPresentaciones.csproj", "{A49D3CBF-CCE1-447C-A406-F46538D83364}"
EndProject
Global
	GlobalSection(SolutionConfigurationPlatforms) = preSolution
		Debug|Any CPU = Debug|Any CPU
		Release|Any CPU = Release|Any CPU
	EndGlobalSection
	GlobalSection(ProjectConfigurationPlatforms) = postSolution
		{7D005373-E4AE-41F9-BBCF-77F85B287E63}.Debug|Any CPU.ActiveCfg = Debug|Any CPU
		{7D005373-E4AE-41F9-BBCF-77F85B287E63}.Debug|Any CPU.Build.0 = Debug|Any CPU
		{7D005373-E4AE-41F9-BBCF-77F85B287E63}.Release|Any CPU.ActiveCfg = Release|Any CPU
		{7D005373-E4AE-41F9-BBCF-77F85B287E63}.Release|Any CPU.Build.0 = Release|Any CPU
		{A55459D1-90D7-402C-84EE-A7DC8B9A988A}.Debug|Any CPU.ActiveCfg = Debug|Any CPU
		{A55459D1-90D7-402C-84EE-A7DC8B9A988A}.Debug|Any CPU.Build.0 = Debug|Any CPU
		{A55459D1-90D7-402C-84EE-A7DC8B9A988A}.Release|Any CPU.ActiveCfg = Release|Any CPU
		{A55459D1-90D7-402C-84EE-A7DC8B9A988A}.Release|Any CPU.Build.0 = Release|Any CPU
		{A49D3CBF-CCE1-447C-A406-F46538D83364}.Debug|Any CPU.ActiveCfg = Debug|Any CPU
		{A49D3CBF-CCE1-447C-A406-F46538D83364}.Debug|Any CPU.Build.0 = Debug|Any CPU
		{A49D3CBF-CCE1-447C-A406-F46538D83364}.Release|Any CPU.ActiveCfg = Release|Any CPU
		{A49D3CBF-CCE1-447C-A406-F46538D83364}.Release|Any CPU.Build.0 = Release|Any CPU
	EndGlobalSection
	GlobalSection(SolutionProperties) = preSolution
		HideSolutionNode = FALSE
	EndGlobalSection
	GlobalSection(ExtensibilityGlobals) = postSolution
		SolutionGuid = {68B5C0BA-39F0-40A5-BDA6-52DB8C83CD11}
	EndGlobalSection
EndGlobal
